// !$*UTF8*$!
{
	archiveVersion = 1;
	classes = {
	};
	objectVersion = 56;
	objects = {

/* Begin PBXBuildFile section */
		3B0590D32AA137690063A4C3 /* User.swift in Sources */ = {isa = PBXBuildFile; fileRef = 3B0590D22AA137690063A4C3 /* User.swift */; };
		3B7B1FC02AA51D0000334572 /* DataStore.swift in Sources */ = {isa = PBXBuildFile; fileRef = 3B7B1FBF2AA51D0000334572 /* DataStore.swift */; };
		3BD775902AA0FE0300A9F684 /* AppDelegate.swift in Sources */ = {isa = PBXBuildFile; fileRef = 3BD7758F2AA0FE0300A9F684 /* AppDelegate.swift */; };
		3BD775922AA0FE0300A9F684 /* SceneDelegate.swift in Sources */ = {isa = PBXBuildFile; fileRef = 3BD775912AA0FE0300A9F684 /* SceneDelegate.swift */; };
		3BD775942AA0FE0300A9F684 /* MainViewController.swift in Sources */ = {isa = PBXBuildFile; fileRef = 3BD775932AA0FE0300A9F684 /* MainViewController.swift */; };
		3BD775972AA0FE0300A9F684 /* Main.storyboard in Resources */ = {isa = PBXBuildFile; fileRef = 3BD775952AA0FE0300A9F684 /* Main.storyboard */; };
		3BD775992AA0FE0400A9F684 /* Assets.xcassets in Resources */ = {isa = PBXBuildFile; fileRef = 3BD775982AA0FE0400A9F684 /* Assets.xcassets */; };
		3BD7759C2AA0FE0400A9F684 /* LaunchScreen.storyboard in Resources */ = {isa = PBXBuildFile; fileRef = 3BD7759A2AA0FE0400A9F684 /* LaunchScreen.storyboard */; };
		3BD775A82AA126B700A9F684 /* PhoneViewController.swift in Sources */ = {isa = PBXBuildFile; fileRef = 3BD775A72AA126B700A9F684 /* PhoneViewController.swift */; };
		3BD775AA2AA126CF00A9F684 /* FullnameViewController.swift in Sources */ = {isa = PBXBuildFile; fileRef = 3BD775A92AA126CF00A9F684 /* FullnameViewController.swift */; };
		3BD775AC2AA126EF00A9F684 /* DOBViewController.swift in Sources */ = {isa = PBXBuildFile; fileRef = 3BD775AB2AA126EF00A9F684 /* DOBViewController.swift */; };
		3BD775AE2AA1270800A9F684 /* ProfilePicViewController.swift in Sources */ = {isa = PBXBuildFile; fileRef = 3BD775AD2AA1270800A9F684 /* ProfilePicViewController.swift */; };
		3BD775B02AA1272400A9F684 /* ProfileViewController.swift in Sources */ = {isa = PBXBuildFile; fileRef = 3BD775AF2AA1272400A9F684 /* ProfileViewController.swift */; };
		3BD775B22AA1273000A9F684 /* SettingsViewController.swift in Sources */ = {isa = PBXBuildFile; fileRef = 3BD775B12AA1273000A9F684 /* SettingsViewController.swift */; };
		3BD775B42AA1275600A9F684 /* ProfileEditViewController.swift in Sources */ = {isa = PBXBuildFile; fileRef = 3BD775B32AA1275600A9F684 /* ProfileEditViewController.swift */; };
		3BD775B82AA1277900A9F684 /* AboutViewController.swift in Sources */ = {isa = PBXBuildFile; fileRef = 3BD775B72AA1277900A9F684 /* AboutViewController.swift */; };
		3BD775BA2AA127AC00A9F684 /* SMSCodeViewController.swift in Sources */ = {isa = PBXBuildFile; fileRef = 3BD775B92AA127AC00A9F684 /* SMSCodeViewController.swift */; };
		3BD775BC2AA1284600A9F684 /* MainNavigationController.swift in Sources */ = {isa = PBXBuildFile; fileRef = 3BD775BB2AA1284600A9F684 /* MainNavigationController.swift */; };
		3BD775BE2AA1285D00A9F684 /* SettingsNavigationController.swift in Sources */ = {isa = PBXBuildFile; fileRef = 3BD775BD2AA1285D00A9F684 /* SettingsNavigationController.swift */; };
		3BD775C02AA1287300A9F684 /* TabBarController.swift in Sources */ = {isa = PBXBuildFile; fileRef = 3BD775BF2AA1287300A9F684 /* TabBarController.swift */; };
/* End PBXBuildFile section */

/* Begin PBXFileReference section */
		3B0590D22AA137690063A4C3 /* User.swift */ = {isa = PBXFileReference; lastKnownFileType = sourcecode.swift; path = User.swift; sourceTree = "<group>"; };
		3B7B1FBF2AA51D0000334572 /* DataStore.swift */ = {isa = PBXFileReference; lastKnownFileType = sourcecode.swift; path = DataStore.swift; sourceTree = "<group>"; };
		3BD7758C2AA0FE0300A9F684 /* SignApp.app */ = {isa = PBXFileReference; explicitFileType = wrapper.application; includeInIndex = 0; path = SignApp.app; sourceTree = BUILT_PRODUCTS_DIR; };
		3BD7758F2AA0FE0300A9F684 /* AppDelegate.swift */ = {isa = PBXFileReference; lastKnownFileType = sourcecode.swift; path = AppDelegate.swift; sourceTree = "<group>"; };
		3BD775912AA0FE0300A9F684 /* SceneDelegate.swift */ = {isa = PBXFileReference; lastKnownFileType = sourcecode.swift; path = SceneDelegate.swift; sourceTree = "<group>"; };
		3BD775932AA0FE0300A9F684 /* MainViewController.swift */ = {isa = PBXFileReference; lastKnownFileType = sourcecode.swift; path = MainViewController.swift; sourceTree = "<group>"; };
		3BD775962AA0FE0300A9F684 /* Base */ = {isa = PBXFileReference; lastKnownFileType = file.storyboard; name = Base; path = Base.lproj/Main.storyboard; sourceTree = "<group>"; };
		3BD775982AA0FE0400A9F684 /* Assets.xcassets */ = {isa = PBXFileReference; lastKnownFileType = folder.assetcatalog; path = Assets.xcassets; sourceTree = "<group>"; };
		3BD7759B2AA0FE0400A9F684 /* Base */ = {isa = PBXFileReference; lastKnownFileType = file.storyboard; name = Base; path = Base.lproj/LaunchScreen.storyboard; sourceTree = "<group>"; };
		3BD7759D2AA0FE0400A9F684 /* Info.plist */ = {isa = PBXFileReference; lastKnownFileType = text.plist.xml; path = Info.plist; sourceTree = "<group>"; };
		3BD775A72AA126B700A9F684 /* PhoneViewController.swift */ = {isa = PBXFileReference; lastKnownFileType = sourcecode.swift; path = PhoneViewController.swift; sourceTree = "<group>"; };
		3BD775A92AA126CF00A9F684 /* FullnameViewController.swift */ = {isa = PBXFileReference; lastKnownFileType = sourcecode.swift; path = FullnameViewController.swift; sourceTree = "<group>"; };
		3BD775AB2AA126EF00A9F684 /* DOBViewController.swift */ = {isa = PBXFileReference; lastKnownFileType = sourcecode.swift; path = DOBViewController.swift; sourceTree = "<group>"; };
		3BD775AD2AA1270800A9F684 /* ProfilePicViewController.swift */ = {isa = PBXFileReference; lastKnownFileType = sourcecode.swift; path = ProfilePicViewController.swift; sourceTree = "<group>"; };
		3BD775AF2AA1272400A9F684 /* ProfileViewController.swift */ = {isa = PBXFileReference; lastKnownFileType = sourcecode.swift; path = ProfileViewController.swift; sourceTree = "<group>"; };
		3BD775B12AA1273000A9F684 /* SettingsViewController.swift */ = {isa = PBXFileReference; lastKnownFileType = sourcecode.swift; path = SettingsViewController.swift; sourceTree = "<group>"; };
		3BD775B32AA1275600A9F684 /* ProfileEditViewController.swift */ = {isa = PBXFileReference; lastKnownFileType = sourcecode.swift; path = ProfileEditViewController.swift; sourceTree = "<group>"; };
		3BD775B72AA1277900A9F684 /* AboutViewController.swift */ = {isa = PBXFileReference; lastKnownFileType = sourcecode.swift; path = AboutViewController.swift; sourceTree = "<group>"; };
		3BD775B92AA127AC00A9F684 /* SMSCodeViewController.swift */ = {isa = PBXFileReference; lastKnownFileType = sourcecode.swift; path = SMSCodeViewController.swift; sourceTree = "<group>"; };
		3BD775BB2AA1284600A9F684 /* MainNavigationController.swift */ = {isa = PBXFileReference; lastKnownFileType = sourcecode.swift; path = MainNavigationController.swift; sourceTree = "<group>"; };
		3BD775BD2AA1285D00A9F684 /* SettingsNavigationController.swift */ = {isa = PBXFileReference; lastKnownFileType = sourcecode.swift; path = SettingsNavigationController.swift; sourceTree = "<group>"; };
		3BD775BF2AA1287300A9F684 /* TabBarController.swift */ = {isa = PBXFileReference; lastKnownFileType = sourcecode.swift; path = TabBarController.swift; sourceTree = "<group>"; };
/* End PBXFileReference section */

/* Begin PBXFrameworksBuildPhase section */
		3BD775892AA0FE0300A9F684 /* Frameworks */ = {
			isa = PBXFrameworksBuildPhase;
			buildActionMask = 2147483647;
			files = (
			);
			runOnlyForDeploymentPostprocessing = 0;
		};
/* End PBXFrameworksBuildPhase section */

/* Begin PBXGroup section */
		3B0590D12AA1375A0063A4C3 /* Models */ = {
			isa = PBXGroup;
			children = (
				3B0590D22AA137690063A4C3 /* User.swift */,
			);
			path = Models;
			sourceTree = "<group>";
		};
		3B7B1FBE2AA51CE300334572 /* Services */ = {
			isa = PBXGroup;
			children = (
				3B7B1FBF2AA51D0000334572 /* DataStore.swift */,
			);
			path = Services;
			sourceTree = "<group>";
		};
		3BD775832AA0FE0300A9F684 = {
			isa = PBXGroup;
			children = (
				3BD7758E2AA0FE0300A9F684 /* SignApp */,
				3BD7758D2AA0FE0300A9F684 /* Products */,
			);
			sourceTree = "<group>";
		};
		3BD7758D2AA0FE0300A9F684 /* Products */ = {
			isa = PBXGroup;
			children = (
				3BD7758C2AA0FE0300A9F684 /* SignApp.app */,
			);
			name = Products;
			sourceTree = "<group>";
		};
		3BD7758E2AA0FE0300A9F684 /* SignApp */ = {
			isa = PBXGroup;
			children = (
				3B7B1FBE2AA51CE300334572 /* Services */,
				3BD775A32AA0FE0C00A9F684 /* App */,
				3B0590D12AA1375A0063A4C3 /* Models */,
				3BD775A42AA0FE1400A9F684 /* View Controllers */,
				3BD775A52AA0FE2400A9F684 /* Storyboards */,
				3BD775982AA0FE0400A9F684 /* Assets.xcassets */,
			);
			path = SignApp;
			sourceTree = "<group>";
		};
		3BD775A32AA0FE0C00A9F684 /* App */ = {
			isa = PBXGroup;
			children = (
				3BD7758F2AA0FE0300A9F684 /* AppDelegate.swift */,
				3BD775912AA0FE0300A9F684 /* SceneDelegate.swift */,
				3BD7759D2AA0FE0400A9F684 /* Info.plist */,
			);
			path = App;
			sourceTree = "<group>";
		};
		3BD775A42AA0FE1400A9F684 /* View Controllers */ = {
			isa = PBXGroup;
			children = (
				3BD775932AA0FE0300A9F684 /* MainViewController.swift */,
				3BD775A72AA126B700A9F684 /* PhoneViewController.swift */,
				3BD775B92AA127AC00A9F684 /* SMSCodeViewController.swift */,
				3BD775A92AA126CF00A9F684 /* FullnameViewController.swift */,
				3BD775AB2AA126EF00A9F684 /* DOBViewController.swift */,
				3BD775AD2AA1270800A9F684 /* ProfilePicViewController.swift */,
				3BD775AF2AA1272400A9F684 /* ProfileViewController.swift */,
				3BD775B12AA1273000A9F684 /* SettingsViewController.swift */,
				3BD775B32AA1275600A9F684 /* ProfileEditViewController.swift */,
				3BD775B72AA1277900A9F684 /* AboutViewController.swift */,
				3BD775BB2AA1284600A9F684 /* MainNavigationController.swift */,
				3BD775BD2AA1285D00A9F684 /* SettingsNavigationController.swift */,
				3BD775BF2AA1287300A9F684 /* TabBarController.swift */,
			);
			path = "View Controllers";
			sourceTree = "<group>";
		};
		3BD775A52AA0FE2400A9F684 /* Storyboards */ = {
			isa = PBXGroup;
			children = (
				3BD775952AA0FE0300A9F684 /* Main.storyboard */,
				3BD7759A2AA0FE0400A9F684 /* LaunchScreen.storyboard */,
			);
			path = Storyboards;
			sourceTree = "<group>";
		};
/* End PBXGroup section */

/* Begin PBXNativeTarget section */
		3BD7758B2AA0FE0300A9F684 /* SignApp */ = {
			isa = PBXNativeTarget;
			buildConfigurationList = 3BD775A02AA0FE0400A9F684 /* Build configuration list for PBXNativeTarget "SignApp" */;
			buildPhases = (
				3BD775882AA0FE0300A9F684 /* Sources */,
				3BD775892AA0FE0300A9F684 /* Frameworks */,
				3BD7758A2AA0FE0300A9F684 /* Resources */,
			);
			buildRules = (
			);
			dependencies = (
			);
			name = SignApp;
			productName = SignApp;
			productReference = 3BD7758C2AA0FE0300A9F684 /* SignApp.app */;
			productType = "com.apple.product-type.application";
		};
/* End PBXNativeTarget section */

/* Begin PBXProject section */
		3BD775842AA0FE0300A9F684 /* Project object */ = {
			isa = PBXProject;
			attributes = {
				BuildIndependentTargetsInParallel = 1;
				LastSwiftUpdateCheck = 1430;
				LastUpgradeCheck = 1430;
				TargetAttributes = {
					3BD7758B2AA0FE0300A9F684 = {
						CreatedOnToolsVersion = 14.3.1;
					};
				};
			};
			buildConfigurationList = 3BD775872AA0FE0300A9F684 /* Build configuration list for PBXProject "SignApp" */;
			compatibilityVersion = "Xcode 14.0";
			developmentRegion = en;
			hasScannedForEncodings = 0;
			knownRegions = (
				en,
				Base,
			);
			mainGroup = 3BD775832AA0FE0300A9F684;
			productRefGroup = 3BD7758D2AA0FE0300A9F684 /* Products */;
			projectDirPath = "";
			projectRoot = "";
			targets = (
				3BD7758B2AA0FE0300A9F684 /* SignApp */,
			);
		};
/* End PBXProject section */

/* Begin PBXResourcesBuildPhase section */
		3BD7758A2AA0FE0300A9F684 /* Resources */ = {
			isa = PBXResourcesBuildPhase;
			buildActionMask = 2147483647;
			files = (
				3BD7759C2AA0FE0400A9F684 /* LaunchScreen.storyboard in Resources */,
				3BD775992AA0FE0400A9F684 /* Assets.xcassets in Resources */,
				3BD775972AA0FE0300A9F684 /* Main.storyboard in Resources */,
			);
			runOnlyForDeploymentPostprocessing = 0;
		};
/* End PBXResourcesBuildPhase section */

/* Begin PBXSourcesBuildPhase section */
		3BD775882AA0FE0300A9F684 /* Sources */ = {
			isa = PBXSourcesBuildPhase;
			buildActionMask = 2147483647;
			files = (
				3BD775942AA0FE0300A9F684 /* MainViewController.swift in Sources */,
				3BD775C02AA1287300A9F684 /* TabBarController.swift in Sources */,
				3BD775A82AA126B700A9F684 /* PhoneViewController.swift in Sources */,
				3BD775AE2AA1270800A9F684 /* ProfilePicViewController.swift in Sources */,
				3BD775AC2AA126EF00A9F684 /* DOBViewController.swift in Sources */,
				3BD775BC2AA1284600A9F684 /* MainNavigationController.swift in Sources */,
				3B7B1FC02AA51D0000334572 /* DataStore.swift in Sources */,
				3B0590D32AA137690063A4C3 /* User.swift in Sources */,
				3BD775902AA0FE0300A9F684 /* AppDelegate.swift in Sources */,
				3BD775B82AA1277900A9F684 /* AboutViewController.swift in Sources */,
				3BD775BA2AA127AC00A9F684 /* SMSCodeViewController.swift in Sources */,
				3BD775922AA0FE0300A9F684 /* SceneDelegate.swift in Sources */,
				3BD775B42AA1275600A9F684 /* ProfileEditViewController.swift in Sources */,
				3BD775BE2AA1285D00A9F684 /* SettingsNavigationController.swift in Sources */,
				3BD775B02AA1272400A9F684 /* ProfileViewController.swift in Sources */,
				3BD775AA2AA126CF00A9F684 /* FullnameViewController.swift in Sources */,
				3BD775B22AA1273000A9F684 /* SettingsViewController.swift in Sources */,
			);
			runOnlyForDeploymentPostprocessing = 0;
		};
/* End PBXSourcesBuildPhase section */

/* Begin PBXVariantGroup section */
		3BD775952AA0FE0300A9F684 /* Main.storyboard */ = {
			isa = PBXVariantGroup;
			children = (
				3BD775962AA0FE0300A9F684 /* Base */,
			);
			name = Main.storyboard;
			sourceTree = "<group>";
		};
		3BD7759A2AA0FE0400A9F684 /* LaunchScreen.storyboard */ = {
			isa = PBXVariantGroup;
			children = (
				3BD7759B2AA0FE0400A9F684 /* Base */,
			);
			name = LaunchScreen.storyboard;
			sourceTree = "<group>";
		};
/* End PBXVariantGroup section */

/* Begin XCBuildConfiguration section */
		3BD7759E2AA0FE0400A9F684 /* Debug */ = {
			isa = XCBuildConfiguration;
			buildSettings = {
				ALWAYS_SEARCH_USER_PATHS = NO;
				CLANG_ANALYZER_NONNULL = YES;
				CLANG_ANALYZER_NUMBER_OBJECT_CONVERSION = YES_AGGRESSIVE;
				CLANG_CXX_LANGUAGE_STANDARD = "gnu++20";
				CLANG_ENABLE_MODULES = YES;
				CLANG_ENABLE_OBJC_ARC = YES;
				CLANG_ENABLE_OBJC_WEAK = YES;
				CLANG_WARN_BLOCK_CAPTURE_AUTORELEASING = YES;
				CLANG_WARN_BOOL_CONVERSION = YES;
				CLANG_WARN_COMMA = YES;
				CLANG_WARN_CONSTANT_CONVERSION = YES;
				CLANG_WARN_DEPRECATED_OBJC_IMPLEMENTATIONS = YES;
				CLANG_WARN_DIRECT_OBJC_ISA_USAGE = YES_ERROR;
				CLANG_WARN_DOCUMENTATION_COMMENTS = YES;
				CLANG_WARN_EMPTY_BODY = YES;
				CLANG_WARN_ENUM_CONVERSION = YES;
				CLANG_WARN_INFINITE_RECURSION = YES;
				CLANG_WARN_INT_CONVERSION = YES;
				CLANG_WARN_NON_LITERAL_NULL_CONVERSION = YES;
				CLANG_WARN_OBJC_IMPLICIT_RETAIN_SELF = YES;
				CLANG_WARN_OBJC_LITERAL_CONVERSION = YES;
				CLANG_WARN_OBJC_ROOT_CLASS = YES_ERROR;
				CLANG_WARN_QUOTED_INCLUDE_IN_FRAMEWORK_HEADER = YES;
				CLANG_WARN_RANGE_LOOP_ANALYSIS = YES;
				CLANG_WARN_STRICT_PROTOTYPES = YES;
				CLANG_WARN_SUSPICIOUS_MOVE = YES;
				CLANG_WARN_UNGUARDED_AVAILABILITY = YES_AGGRESSIVE;
				CLANG_WARN_UNREACHABLE_CODE = YES;
				CLANG_WARN__DUPLICATE_METHOD_MATCH = YES;
				COPY_PHASE_STRIP = NO;
				DEBUG_INFORMATION_FORMAT = dwarf;
				ENABLE_STRICT_OBJC_MSGSEND = YES;
				ENABLE_TESTABILITY = YES;
				GCC_C_LANGUAGE_STANDARD = gnu11;
				GCC_DYNAMIC_NO_PIC = NO;
				GCC_NO_COMMON_BLOCKS = YES;
				GCC_OPTIMIZATION_LEVEL = 0;
				GCC_PREPROCESSOR_DEFINITIONS = (
					"DEBUG=1",
					"$(inherited)",
				);
				GCC_WARN_64_TO_32_BIT_CONVERSION = YES;
				GCC_WARN_ABOUT_RETURN_TYPE = YES_ERROR;
				GCC_WARN_UNDECLARED_SELECTOR = YES;
				GCC_WARN_UNINITIALIZED_AUTOS = YES_AGGRESSIVE;
				GCC_WARN_UNUSED_FUNCTION = YES;
				GCC_WARN_UNUSED_VARIABLE = YES;
				IPHONEOS_DEPLOYMENT_TARGET = 16.4;
				MTL_ENABLE_DEBUG_INFO = INCLUDE_SOURCE;
				MTL_FAST_MATH = YES;
				ONLY_ACTIVE_ARCH = YES;
				SDKROOT = iphoneos;
				SWIFT_ACTIVE_COMPILATION_CONDITIONS = DEBUG;
				SWIFT_OPTIMIZATION_LEVEL = "-Onone";
			};
			name = Debug;
		};
		3BD7759F2AA0FE0400A9F684 /* Release */ = {
			isa = XCBuildConfiguration;
			buildSettings = {
				ALWAYS_SEARCH_USER_PATHS = NO;
				CLANG_ANALYZER_NONNULL = YES;
				CLANG_ANALYZER_NUMBER_OBJECT_CONVERSION = YES_AGGRESSIVE;
				CLANG_CXX_LANGUAGE_STANDARD = "gnu++20";
				CLANG_ENABLE_MODULES = YES;
				CLANG_ENABLE_OBJC_ARC = YES;
				CLANG_ENABLE_OBJC_WEAK = YES;
				CLANG_WARN_BLOCK_CAPTURE_AUTORELEASING = YES;
				CLANG_WARN_BOOL_CONVERSION = YES;
				CLANG_WARN_COMMA = YES;
				CLANG_WARN_CONSTANT_CONVERSION = YES;
				CLANG_WARN_DEPRECATED_OBJC_IMPLEMENTATIONS = YES;
				CLANG_WARN_DIRECT_OBJC_ISA_USAGE = YES_ERROR;
				CLANG_WARN_DOCUMENTATION_COMMENTS = YES;
				CLANG_WARN_EMPTY_BODY = YES;
				CLANG_WARN_ENUM_CONVERSION = YES;
				CLANG_WARN_INFINITE_RECURSION = YES;
				CLANG_WARN_INT_CONVERSION = YES;
				CLANG_WARN_NON_LITERAL_NULL_CONVERSION = YES;
				CLANG_WARN_OBJC_IMPLICIT_RETAIN_SELF = YES;
				CLANG_WARN_OBJC_LITERAL_CONVERSION = YES;
				CLANG_WARN_OBJC_ROOT_CLASS = YES_ERROR;
				CLANG_WARN_QUOTED_INCLUDE_IN_FRAMEWORK_HEADER = YES;
				CLANG_WARN_RANGE_LOOP_ANALYSIS = YES;
				CLANG_WARN_STRICT_PROTOTYPES = YES;
				CLANG_WARN_SUSPICIOUS_MOVE = YES;
				CLANG_WARN_UNGUARDED_AVAILABILITY = YES_AGGRESSIVE;
				CLANG_WARN_UNREACHABLE_CODE = YES;
				CLANG_WARN__DUPLICATE_METHOD_MATCH = YES;
				COPY_PHASE_STRIP = NO;
				DEBUG_INFORMATION_FORMAT = "dwarf-with-dsym";
				ENABLE_NS_ASSERTIONS = NO;
				ENABLE_STRICT_OBJC_MSGSEND = YES;
				GCC_C_LANGUAGE_STANDARD = gnu11;
				GCC_NO_COMMON_BLOCKS = YES;
				GCC_WARN_64_TO_32_BIT_CONVERSION = YES;
				GCC_WARN_ABOUT_RETURN_TYPE = YES_ERROR;
				GCC_WARN_UNDECLARED_SELECTOR = YES;
				GCC_WARN_UNINITIALIZED_AUTOS = YES_AGGRESSIVE;
				GCC_WARN_UNUSED_FUNCTION = YES;
				GCC_WARN_UNUSED_VARIABLE = YES;
				IPHONEOS_DEPLOYMENT_TARGET = 16.4;
				MTL_ENABLE_DEBUG_INFO = NO;
				MTL_FAST_MATH = YES;
				SDKROOT = iphoneos;
				SWIFT_COMPILATION_MODE = wholemodule;
				SWIFT_OPTIMIZATION_LEVEL = "-O";
				VALIDATE_PRODUCT = YES;
			};
			name = Release;
		};
		3BD775A12AA0FE0400A9F684 /* Debug */ = {
			isa = XCBuildConfiguration;
			buildSettings = {
				ASSETCATALOG_COMPILER_APPICON_NAME = AppIcon;
				ASSETCATALOG_COMPILER_GLOBAL_ACCENT_COLOR_NAME = AccentColor;
				CODE_SIGN_STYLE = Automatic;
				CURRENT_PROJECT_VERSION = 1;
				DEVELOPMENT_TEAM = V9G337EK28;
				GENERATE_INFOPLIST_FILE = YES;
				INFOPLIST_FILE = SignApp/App/Info.plist;
				INFOPLIST_KEY_CFBundleDisplayName = SignApp;
				INFOPLIST_KEY_UIApplicationSupportsIndirectInputEvents = YES;
				INFOPLIST_KEY_UILaunchStoryboardName = LaunchScreen.storyboard;
				INFOPLIST_KEY_UIMainStoryboardFile = Main;
				INFOPLIST_KEY_UISupportedInterfaceOrientations = UIInterfaceOrientationPortrait;
				INFOPLIST_KEY_UISupportedInterfaceOrientations_iPad = "UIInterfaceOrientationLandscapeLeft UIInterfaceOrientationLandscapeRight UIInterfaceOrientationPortrait UIInterfaceOrientationPortraitUpsideDown";
				IPHONEOS_DEPLOYMENT_TARGET = 15.5;
				LD_RUNPATH_SEARCH_PATHS = (
					"$(inherited)",
					"@executable_path/Frameworks",
				);
				MARKETING_VERSION = 1.0;
				PRODUCT_BUNDLE_IDENTIFIER = com.swiftbook.hw.SignApp;
				PRODUCT_NAME = "$(TARGET_NAME)";
				SUPPORTED_PLATFORMS = "iphoneos iphonesimulator";
				SUPPORTS_MACCATALYST = NO;
				SUPPORTS_MAC_DESIGNED_FOR_IPHONE_IPAD = NO;
				SWIFT_EMIT_LOC_STRINGS = YES;
				SWIFT_VERSION = 5.0;
				TARGETED_DEVICE_FAMILY = 1;
			};
			name = Debug;
		};
		3BD775A22AA0FE0400A9F684 /* Release */ = {
			isa = XCBuildConfiguration;
			buildSettings = {
				ASSETCATALOG_COMPILER_APPICON_NAME = AppIcon;
				ASSETCATALOG_COMPILER_GLOBAL_ACCENT_COLOR_NAME = AccentColor;
				CODE_SIGN_STYLE = Automatic;
				CURRENT_PROJECT_VERSION = 1;
				DEVELOPMENT_TEAM = V9G337EK28;
				GENERATE_INFOPLIST_FILE = YES;
				INFOPLIST_FILE = SignApp/App/Info.plist;
				INFOPLIST_KEY_CFBundleDisplayName = SignApp;
				INFOPLIST_KEY_UIApplicationSupportsIndirectInputEvents = YES;
				INFOPLIST_KEY_UILaunchStoryboardName = LaunchScreen.storyboard;
				INFOPLIST_KEY_UIMainStoryboardFile = Main;
				INFOPLIST_KEY_UISupportedInterfaceOrientations = UIInterfaceOrientationPortrait;
				INFOPLIST_KEY_UISupportedInterfaceOrientations_iPad = "UIInterfaceOrientationLandscapeLeft UIInterfaceOrientationLandscapeRight UIInterfaceOrientationPortrait UIInterfaceOrientationPortraitUpsideDown";
				IPHONEOS_DEPLOYMENT_TARGET = 15.5;
				LD_RUNPATH_SEARCH_PATHS = (
					"$(inherited)",
					"@executable_path/Frameworks",
				);
				MARKETING_VERSION = 1.0;
				PRODUCT_BUNDLE_IDENTIFIER = com.swiftbook.hw.SignApp;
				PRODUCT_NAME = "$(TARGET_NAME)";
				SUPPORTED_PLATFORMS = "iphoneos iphonesimulator";
				SUPPORTS_MACCATALYST = NO;
				SUPPORTS_MAC_DESIGNED_FOR_IPHONE_IPAD = NO;
				SWIFT_EMIT_LOC_STRINGS = YES;
				SWIFT_VERSION = 5.0;
				TARGETED_DEVICE_FAMILY = 1;
			};
			name = Release;
		};
/* End XCBuildConfiguration section */

/* Begin XCConfigurationList section */
		3BD775872AA0FE0300A9F684 /* Build configuration list for PBXProject "SignApp" */ = {
			isa = XCConfigurationList;
			buildConfigurations = (
				3BD7759E2AA0FE0400A9F684 /* Debug */,
				3BD7759F2AA0FE0400A9F684 /* Release */,
			);
			defaultConfigurationIsVisible = 0;
			defaultConfigurationName = Release;
		};
		3BD775A02AA0FE0400A9F684 /* Build configuration list for PBXNativeTarget "SignApp" */ = {
			isa = XCConfigurationList;
			buildConfigurations = (
				3BD775A12AA0FE0400A9F684 /* Debug */,
				3BD775A22AA0FE0400A9F684 /* Release */,
			);
			defaultConfigurationIsVisible = 0;
			defaultConfigurationName = Release;
		};
/* End XCConfigurationList section */
	};
	rootObject = 3BD775842AA0FE0300A9F684 /* Project object */;
}
